{
  "nodes": {
    "company": {
      "flake": false,
      "locked": {
        "lastModified": 1706207914,
        "narHash": "sha256-Zkfb1WIadkmwfIQ9lt6rEihEOT2g81FYkwr+C4pJcHI=",
        "owner": "company-mode",
        "repo": "company-mode",
        "rev": "84b111f26663c65cb9e465a028c9558332b4951b",
        "type": "github"
      },
      "original": {
        "owner": "company-mode",
        "repo": "company-mode",
        "type": "github"
      }
    },
    "compat": {
      "flake": false,
      "locked": {
        "lastModified": 1705186630,
        "narHash": "sha256-jEEttgWLMLW1X/G3cXlkzsxhh837MgaRFqA78IKWLNg=",
        "owner": "emacs-compat",
        "repo": "compat",
        "rev": "1bf572df407f3e40fa062810ac2e7342b4eca140",
        "type": "github"
      },
      "original": {
        "owner": "emacs-compat",
        "repo": "compat",
        "type": "github"
      }
    },
    "consult": {
      "flake": false,
      "locked": {
        "lastModified": 1705963741,
        "narHash": "sha256-x9UuFXHi7djEA925tXQnnfJab92VjJw9oWeo1ja9cOI=",
        "owner": "minad",
        "repo": "consult",
        "rev": "e06292f43eb68948393a45f7c31be025d7fab6a7",
        "type": "github"
      },
      "original": {
        "owner": "minad",
        "repo": "consult",
        "type": "github"
      }
    },
    "dash": {
      "flake": false,
      "locked": {
        "lastModified": 1704286883,
        "narHash": "sha256-p3dqme62bRlDa1MEJSIPhW3DiAOlwkUWMD8yYuqUfEo=",
        "owner": "magnars",
        "repo": "dash.el",
        "rev": "e32a70ca636bad42232b6c79f1491dc86802a721",
        "type": "github"
      },
      "original": {
        "owner": "magnars",
        "repo": "dash.el",
        "type": "github"
      }
    },
    "diff-hl": {
      "flake": false,
      "locked": {
        "lastModified": 1705880423,
        "narHash": "sha256-gQhgWjdGGyZ/KKfRz11bhwcq4UwB3u9qXB797nQraoM=",
        "owner": "dgutov",
        "repo": "diff-hl",
        "rev": "2c07ababaa621c593fbd2746551311e14ce5af55",
        "type": "github"
      },
      "original": {
        "owner": "dgutov",
        "repo": "diff-hl",
        "type": "github"
      }
    },
    "edit-indirect": {
      "flake": false,
      "locked": {
        "lastModified": 1706404789,
        "narHash": "sha256-FC8QDeRitLstVACn7jpdQblxaDiYRbSAtRAAhhyEVuI=",
        "owner": "Fanael",
        "repo": "edit-indirect",
        "rev": "82a28d8a85277cfe453af464603ea330eae41c05",
        "type": "github"
      },
      "original": {
        "owner": "Fanael",
        "repo": "edit-indirect",
        "type": "github"
      }
    },
    "editorconfig": {
      "flake": false,
      "locked": {
        "lastModified": 1706497076,
        "narHash": "sha256-IVStALhM56tl4dvRNfXbUzEG8uUCnnEozf9M5yRgELI=",
        "owner": "editorconfig",
        "repo": "editorconfig-emacs",
        "rev": "4b81a5992858cbf03bcd7ed6ef31e4be0b55a7c1",
        "type": "github"
      },
      "original": {
        "owner": "editorconfig",
        "repo": "editorconfig-emacs",
        "type": "github"
      }
    },
    "embark": {
      "flake": false,
      "locked": {
        "lastModified": 1706238310,
        "narHash": "sha256-/kY5FDpBEJL7F+icTK0CPiqeTthvQI+6jmx53cNHl2s=",
        "owner": "oantolin",
        "repo": "embark",
        "rev": "33c392cf3ce5b92ad73ed5c4f44dbca5d0741cde",
        "type": "github"
      },
      "original": {
        "owner": "oantolin",
        "repo": "embark",
        "type": "github"
      }
    },
    "embark-consult": {
      "flake": false,
      "locked": {
        "lastModified": 1706238310,
        "narHash": "sha256-/kY5FDpBEJL7F+icTK0CPiqeTthvQI+6jmx53cNHl2s=",
        "owner": "oantolin",
        "repo": "embark",
        "rev": "33c392cf3ce5b92ad73ed5c4f44dbca5d0741cde",
        "type": "github"
      },
      "original": {
        "owner": "oantolin",
        "repo": "embark",
        "type": "github"
      }
    },
    "f": {
      "flake": false,
      "locked": {
        "lastModified": 1702972255,
        "narHash": "sha256-8shyOT4dqki/Au4VTWF6HKSG5W0VJCD+BjGY9Eoz0l8=",
        "owner": "rejeep",
        "repo": "f.el",
        "rev": "4f03d7bb724a9049b0ab9ef86127694756f99656",
        "type": "github"
      },
      "original": {
        "owner": "rejeep",
        "repo": "f.el",
        "type": "github"
      }
    },
    "frameshot": {
      "flake": false,
      "locked": {
        "lastModified": 1704147398,
        "narHash": "sha256-XpNiaWhx8cLpY4Dkd5fIZFJOvRy+6khbdPgMB1KgwiE=",
        "owner": "tarsius",
        "repo": "frameshot",
        "rev": "77e4f3ad1fd495d983e62a201f6c1f708b616648",
        "type": "github"
      },
      "original": {
        "owner": "tarsius",
        "repo": "frameshot",
        "type": "github"
      }
    },
    "gcmh": {
      "flake": false,
      "locked": {
        "lastModified": 1605567102,
        "narHash": "sha256-RXSs1ANy04eZAoz0ZdVVguNOEPome3AzIX1seNFVAXo=",
        "owner": "koral",
        "repo": "gcmh",
        "rev": "0089f9c3a6d4e9a310d0791cf6fa8f35642ecfd9",
        "type": "gitlab"
      },
      "original": {
        "owner": "koral",
        "repo": "gcmh",
        "type": "gitlab"
      }
    },
    "git-commit": {
      "flake": false,
      "locked": {
        "lastModified": 1705191186,
        "narHash": "sha256-n/qiiyk3v8V2kFlIJZJrt28OR5HD2GZZU5kQe/OsrIw=",
        "owner": "magit",
        "repo": "magit",
        "rev": "efb6c0df175eaf35b7a83833194621bdf9cc0d71",
        "type": "github"
      },
      "original": {
        "owner": "magit",
        "repo": "magit",
        "type": "github"
      }
    },
    "magit": {
      "flake": false,
      "locked": {
        "lastModified": 1705191186,
        "narHash": "sha256-n/qiiyk3v8V2kFlIJZJrt28OR5HD2GZZU5kQe/OsrIw=",
        "owner": "magit",
        "repo": "magit",
        "rev": "efb6c0df175eaf35b7a83833194621bdf9cc0d71",
        "type": "github"
      },
      "original": {
        "owner": "magit",
        "repo": "magit",
        "type": "github"
      }
    },
    "magit-nix3": {
      "flake": false,
      "locked": {
        "lastModified": 1705246116,
        "narHash": "sha256-r96qXfYjaFJEv25Z713ojqVUmuL65xANDbfUInwbbs0=",
        "owner": "emacs-twist",
        "repo": "nix3.el",
        "rev": "a2b855302567feebcf86c6a301a1a62b37aba144",
        "type": "github"
      },
      "original": {
        "owner": "emacs-twist",
        "repo": "nix3.el",
        "type": "github"
      }
    },
    "magit-section": {
      "flake": false,
      "locked": {
        "lastModified": 1705191186,
        "narHash": "sha256-n/qiiyk3v8V2kFlIJZJrt28OR5HD2GZZU5kQe/OsrIw=",
        "owner": "magit",
        "repo": "magit",
        "rev": "efb6c0df175eaf35b7a83833194621bdf9cc0d71",
        "type": "github"
      },
      "original": {
        "owner": "magit",
        "repo": "magit",
        "type": "github"
      }
    },
    "marginalia": {
      "flake": false,
      "locked": {
        "lastModified": 1704438119,
        "narHash": "sha256-iz5kS5AQ7of+UdhUu8fiMxeapg/Fk26EMq0FFw5I+Jc=",
        "owner": "minad",
        "repo": "marginalia",
        "rev": "ea356ebb1ddb8d6da78574b517155475cf52d46f",
        "type": "github"
      },
      "original": {
        "owner": "minad",
        "repo": "marginalia",
        "type": "github"
      }
    },
    "markdown-mode": {
      "flake": false,
      "locked": {
        "lastModified": 1704616303,
        "narHash": "sha256-AC6UthVWpRGrxQ5p2QteSp4iYe1STKwQnWcYkvK38a8=",
        "owner": "jrblevin",
        "repo": "markdown-mode",
        "rev": "e096bb97a91fcd4dc2b46d8b6e093194b03b7364",
        "type": "github"
      },
      "original": {
        "owner": "jrblevin",
        "repo": "markdown-mode",
        "type": "github"
      }
    },
    "minions": {
      "flake": false,
      "locked": {
        "lastModified": 1704147651,
        "narHash": "sha256-YVH/f8wwrDo85b5Fx1y0X0SFWkoOvPKoieGgqN1PgRw=",
        "owner": "tarsius",
        "repo": "minions",
        "rev": "07caa8c30b12c35f3fe563a036f9823c4a6a5f01",
        "type": "github"
      },
      "original": {
        "owner": "tarsius",
        "repo": "minions",
        "type": "github"
      }
    },
    "modus-themes": {
      "flake": false,
      "locked": {
        "lastModified": 1705461080,
        "narHash": "sha256-4CERWiN1vnat2mOVddeCiLT373ZZ+Ojefufjym70ufc=",
        "owner": "protesilaos",
        "repo": "modus-themes",
        "rev": "9c95ece9061ff8a182ae0712c97a8ea456caff8f",
        "type": "github"
      },
      "original": {
        "owner": "protesilaos",
        "repo": "modus-themes",
        "type": "github"
      }
    },
    "moody": {
      "flake": false,
      "locked": {
        "lastModified": 1704210165,
        "narHash": "sha256-QjetPyaIf9tZI11ERhJhTirn3FkoWObu6X4Y5sP/HYY=",
        "owner": "tarsius",
        "repo": "moody",
        "rev": "622a5316cdced84dbd0559443bb86bb635692a0a",
        "type": "github"
      },
      "original": {
        "owner": "tarsius",
        "repo": "moody",
        "type": "github"
      }
    },
    "mu4e": {
      "flake": false,
      "locked": {
        "lastModified": 1706030130,
        "narHash": "sha256-SvrAI+37gnyl7FUc+MUe3AXG/Xwfp7Lagpq6I4yHNPs=",
        "owner": "djcb",
        "repo": "mu",
        "rev": "62f0a9a902031d172e03e8caaaad013a1798749f",
        "type": "github"
      },
      "original": {
        "owner": "djcb",
        "repo": "mu",
        "type": "github"
      }
    },
    "mwim": {
      "flake": false,
      "locked": {
        "lastModified": 1541876426,
        "narHash": "sha256-yp9jVUVgzF97RetyfqluAalmoeUiweq26OKl+0Iwc1A=",
        "owner": "alezost",
        "repo": "mwim.el",
        "rev": "b4f3edb4c0fb8f8b71cecbf8095c2c25a8ffbf85",
        "type": "github"
      },
      "original": {
        "owner": "alezost",
        "repo": "mwim.el",
        "type": "github"
      }
    },
    "nix-mode": {
      "flake": false,
      "locked": {
        "lastModified": 1682109415,
        "narHash": "sha256-W/bxCAn4cvzKGbhILxtTiWJ5Wln2w6g4TPgk+ziCXsQ=",
        "owner": "NixOS",
        "repo": "nix-mode",
        "rev": "719feb7868fb567ecfe5578f6119892c771ac5e5",
        "type": "github"
      },
      "original": {
        "owner": "NixOS",
        "repo": "nix-mode",
        "type": "github"
      }
    },
    "nix-ts-mode": {
      "flake": false,
      "locked": {
        "lastModified": 1699375183,
        "narHash": "sha256-MGbkSqdImoIH/TIzMy5WHiS7sEb2NzOH+dqHTUg+9Kg=",
        "owner": "remi-gelinas",
        "repo": "nix-ts-mode",
        "rev": "2dddc6e9ca33be211675afca3896fd661fc38a0c",
        "type": "github"
      },
      "original": {
        "owner": "remi-gelinas",
        "repo": "nix-ts-mode",
        "type": "github"
      }
    },
    "nix3": {
      "flake": false,
      "locked": {
        "lastModified": 1705246116,
        "narHash": "sha256-r96qXfYjaFJEv25Z713ojqVUmuL65xANDbfUInwbbs0=",
        "owner": "emacs-twist",
        "repo": "nix3.el",
        "rev": "a2b855302567feebcf86c6a301a1a62b37aba144",
        "type": "github"
      },
      "original": {
        "owner": "emacs-twist",
        "repo": "nix3.el",
        "type": "github"
      }
    },
    "on": {
      "flake": false,
      "locked": {
        "lastModified": 1670306400,
        "narHash": "sha256-gtSVCpQwv4Ui9VpW7SXnsXIkfHN/6laMLqHTezDcMZg=",
        "owner": "ajgrf",
        "repo": "on.el",
        "rev": "3cf623e1a4331e259ef92e49154ed0551f300436",
        "type": "gitlab"
      },
      "original": {
        "owner": "ajgrf",
        "repo": "on.el",
        "type": "gitlab"
      }
    },
    "orderless": {
      "flake": false,
      "locked": {
        "lastModified": 1699627697,
        "narHash": "sha256-xB9AFpa/IP2Q3LugvDRNDW6fF8KDONX+0P3YzT+LrJQ=",
        "owner": "oantolin",
        "repo": "orderless",
        "rev": "b24748093b00b37c3a572c4909f61c08fa27504f",
        "type": "github"
      },
      "original": {
        "owner": "oantolin",
        "repo": "orderless",
        "type": "github"
      }
    },
    "org": {
      "flake": false,
      "locked": {
        "lastModified": 1705233034,
        "narHash": "sha256-q56UK8Yj0JmfSHKSVJQvr2/sEEXTuMysydMiy0aG6us=",
        "ref": "bugfix",
        "rev": "25c786f0fb5e49af27ed1790f966b3958e210d7f",
        "revCount": 26077,
        "type": "git",
        "url": "https://git.savannah.gnu.org/git/emacs/org-mode.git"
      },
      "original": {
        "ref": "bugfix",
        "type": "git",
        "url": "https://git.savannah.gnu.org/git/emacs/org-mode.git"
      }
    },
    "org-modern": {
      "flake": false,
      "locked": {
        "lastModified": 1704166155,
        "narHash": "sha256-d1PxoFwRn+Xo7bRFw87O8j6wsz/pLjWd+fvnpRkqcsA=",
        "owner": "minad",
        "repo": "org-modern",
        "rev": "5f056aad428a0e4207012a0efa447aacb74c75b9",
        "type": "github"
      },
      "original": {
        "owner": "minad",
        "repo": "org-modern",
        "type": "github"
      }
    },
    "org-side-tree": {
      "flake": false,
      "locked": {
        "lastModified": 1704204195,
        "narHash": "sha256-NOYt8GTIFBqOmKWmrjoqIWDD5GXsofc7w1ZXfcnHvJ0=",
        "owner": "localauthor",
        "repo": "org-side-tree",
        "rev": "77e88e8c528b809f24827c7cd986580d5bc4cd17",
        "type": "github"
      },
      "original": {
        "owner": "localauthor",
        "repo": "org-side-tree",
        "type": "github"
      }
    },
    "org-visual-outline": {
      "flake": false,
      "locked": {
        "lastModified": 1665678496,
        "narHash": "sha256-/jQPTF3Y37N5V0Q8Qq/vzXEWHMIpPZMK/pOTyWfNdac=",
        "owner": "legalnonsense",
        "repo": "org-visual-outline",
        "rev": "86371db5ae1a326b319b2b4967e921d60870aa21",
        "type": "github"
      },
      "original": {
        "owner": "legalnonsense",
        "repo": "org-visual-outline",
        "type": "github"
      }
    },
    "parinfer-rust-mode": {
      "flake": false,
      "locked": {
        "lastModified": 1704345227,
        "narHash": "sha256-A/jqelUx4DkamLDtdzDQaBgaR6P7c5i0n55xu6wBr2E=",
        "owner": "justinbarclay",
        "repo": "parinfer-rust-mode",
        "rev": "8df117a3b54d9e01266a3905b132a1d082944702",
        "type": "github"
      },
      "original": {
        "owner": "justinbarclay",
        "repo": "parinfer-rust-mode",
        "type": "github"
      }
    },
    "pass": {
      "flake": false,
      "locked": {
        "lastModified": 1706429648,
        "narHash": "sha256-KAidpP+OnFdr8SPggIoMmwr47l5dtr4CcL+nTp//wr0=",
        "owner": "brsvh",
        "repo": "pass.el",
        "rev": "ca2a42380fd35ccf7c61eac3a0ba529fdcaadb24",
        "type": "github"
      },
      "original": {
        "owner": "brsvh",
        "ref": "correct-password-store-otp-version",
        "repo": "pass.el",
        "type": "github"
      }
    },
    "password-store": {
      "flake": false,
      "locked": {
        "lastModified": 1701424483,
        "narHash": "sha256-TJ1lKQJeTDm/tQ0M7HjlmnRmfQw6qTQmrvvcBk/9ZUE=",
        "owner": "zx2c4",
        "repo": "password-store",
        "rev": "b5e965a838bb68c1227caa2cdd874ba496f10149",
        "type": "github"
      },
      "original": {
        "owner": "zx2c4",
        "repo": "password-store",
        "type": "github"
      }
    },
    "password-store-otp": {
      "flake": false,
      "locked": {
        "lastModified": 1643376010,
        "narHash": "sha256-Z4/dAEAA4xUjLAPpg5rF2D2R60hZbVWoKy4KHW/rDkM=",
        "owner": "volrath",
        "repo": "password-store-otp.el",
        "rev": "be3a00a981921ed1b2f78012944dc25eb5a0beca",
        "type": "github"
      },
      "original": {
        "owner": "volrath",
        "repo": "password-store-otp.el",
        "type": "github"
      }
    },
    "promise": {
      "flake": false,
      "locked": {
        "lastModified": 1615102078,
        "narHash": "sha256-p6HAx+uAQTWfUlPfJu0tk6x6EBxsSuRa+4n7Vd5rus8=",
        "owner": "chuntaro",
        "repo": "emacs-promise",
        "rev": "cec51feb5f957e8febe6325335cf57dc2db6be30",
        "type": "github"
      },
      "original": {
        "owner": "chuntaro",
        "repo": "emacs-promise",
        "type": "github"
      }
    },
    "rainbow-delimiters": {
      "flake": false,
      "locked": {
        "lastModified": 1693411222,
        "narHash": "sha256-JcNRW0+L65NtOBronwyT7SHP9QsNa3ysj4cHv88yfoI=",
        "owner": "Fanael",
        "repo": "rainbow-delimiters",
        "rev": "f40ece58df8b2f0fb6c8576b527755a552a5e763",
        "type": "github"
      },
      "original": {
        "owner": "Fanael",
        "repo": "rainbow-delimiters",
        "type": "github"
      }
    },
    "reformatter": {
      "flake": false,
      "locked": {
        "lastModified": 1705098824,
        "narHash": "sha256-PaatFrciU1HwCra5AP4BRFBsGw4SS/Y93/KSrMlFpgU=",
        "owner": "purcell",
        "repo": "emacs-reformatter",
        "rev": "76315e32a1c075d943184fe7b32f1cef98a8272a",
        "type": "github"
      },
      "original": {
        "owner": "purcell",
        "repo": "emacs-reformatter",
        "type": "github"
      }
    },
    "root": {
      "inputs": {
        "company": "company",
        "compat": "compat",
        "consult": "consult",
        "dash": "dash",
        "diff-hl": "diff-hl",
        "edit-indirect": "edit-indirect",
        "editorconfig": "editorconfig",
        "embark": "embark",
        "embark-consult": "embark-consult",
        "f": "f",
        "frameshot": "frameshot",
        "gcmh": "gcmh",
        "git-commit": "git-commit",
        "magit": "magit",
        "magit-nix3": "magit-nix3",
        "magit-section": "magit-section",
        "marginalia": "marginalia",
        "markdown-mode": "markdown-mode",
        "minions": "minions",
        "modus-themes": "modus-themes",
        "moody": "moody",
        "mu4e": "mu4e",
        "mwim": "mwim",
        "nix-mode": "nix-mode",
        "nix-ts-mode": "nix-ts-mode",
        "nix3": "nix3",
        "on": "on",
        "orderless": "orderless",
        "org": "org",
        "org-modern": "org-modern",
        "org-side-tree": "org-side-tree",
        "org-visual-outline": "org-visual-outline",
        "parinfer-rust-mode": "parinfer-rust-mode",
        "pass": "pass",
        "password-store": "password-store",
        "password-store-otp": "password-store-otp",
        "promise": "promise",
        "rainbow-delimiters": "rainbow-delimiters",
        "reformatter": "reformatter",
        "s": "s",
        "smartparens": "smartparens",
        "switch-window": "switch-window",
        "transient": "transient",
        "valign": "valign",
        "vertico": "vertico",
        "with-editor": "with-editor",
        "yaml-mode": "yaml-mode"
      }
    },
    "s": {
      "flake": false,
      "locked": {
        "lastModified": 1681482914,
        "narHash": "sha256-fbF/SyPwEiJICaPBq0xWj2yLWjdNwkaLF2iYvZ2EO1k=",
        "owner": "magnars",
        "repo": "s.el",
        "rev": "dda84d38fffdaf0c9b12837b504b402af910d01d",
        "type": "github"
      },
      "original": {
        "owner": "magnars",
        "repo": "s.el",
        "type": "github"
      }
    },
    "smartparens": {
      "flake": false,
      "locked": {
        "lastModified": 1698170684,
        "narHash": "sha256-wGR6i6Qr5mhTSlgfhWlhFTMQExPAHyKW1M+Ll90vces=",
        "owner": "Fuco1",
        "repo": "smartparens",
        "rev": "0778a8a84064cf2bc3a9857bd0e7a4619cc1e5c3",
        "type": "github"
      },
      "original": {
        "owner": "Fuco1",
        "repo": "smartparens",
        "type": "github"
      }
    },
    "switch-window": {
      "flake": false,
      "locked": {
        "lastModified": 1660340253,
        "narHash": "sha256-XgRSVeDKwFm8huIqrbdF33mR0NOB9gFDbcXGkSQAwaA=",
        "owner": "dimitri",
        "repo": "switch-window",
        "rev": "71ef2f54c97f3fd2e7ff7964d82e6562eb6282f7",
        "type": "github"
      },
      "original": {
        "owner": "dimitri",
        "repo": "switch-window",
        "type": "github"
      }
    },
    "transient": {
      "flake": false,
      "locked": {
        "lastModified": 1705252956,
        "narHash": "sha256-Hv3uCSW6pReeQtLutxVeeh7tCfxTS1vxSrbFU+jqmZM=",
        "owner": "magit",
        "repo": "transient",
        "rev": "f582a9bc4d3ff839a95c8b68d12fefb6397be4ec",
        "type": "github"
      },
      "original": {
        "owner": "magit",
        "repo": "transient",
        "type": "github"
      }
    },
    "valign": {
      "flake": false,
      "locked": {
        "lastModified": 1619917915,
        "narHash": "sha256-sT10BVyUarzpdwvkvVr9LQlRE2xneDd96trJj+8xzOk=",
        "owner": "casouri",
        "repo": "valign",
        "rev": "be82f6048118cbc81e6e029be1965f933612d871",
        "type": "github"
      },
      "original": {
        "owner": "casouri",
        "repo": "valign",
        "type": "github"
      }
    },
    "vertico": {
      "flake": false,
      "locked": {
        "lastModified": 1704290384,
        "narHash": "sha256-vKfWK4aKO5ZgZ+h/krtFAw0cH1KqQSAghnuFhakhJOU=",
        "owner": "minad",
        "repo": "vertico",
        "rev": "357c2503a7787193d50dafd8212f2b1cc165ae16",
        "type": "github"
      },
      "original": {
        "owner": "minad",
        "repo": "vertico",
        "type": "github"
      }
    },
    "with-editor": {
      "flake": false,
      "locked": {
        "lastModified": 1704148003,
        "narHash": "sha256-zhd46lOk0ucCtXFtqDNtpVI5DqQ4cGBgxEY7B9ibPgM=",
        "owner": "magit",
        "repo": "with-editor",
        "rev": "d43db3c58c34d4dbc3ce6f68ec24fecf3452b20e",
        "type": "github"
      },
      "original": {
        "owner": "magit",
        "repo": "with-editor",
        "type": "github"
      }
    },
    "yaml-mode": {
      "flake": false,
      "locked": {
        "lastModified": 1700618519,
        "narHash": "sha256-C3xztrxtuKY99tR56/qpJ8jyavO2SEjI0nkBEVas0ng=",
        "owner": "yoshiki",
        "repo": "yaml-mode",
        "rev": "5b58248ab255dff6cfa4c4057a191bc4446ee5b6",
        "type": "github"
      },
      "original": {
        "owner": "yoshiki",
        "repo": "yaml-mode",
        "type": "github"
      }
    }
  },
  "root": "root",
  "version": 7
}
